
Microsoft Visual Studio Solution File, Format Version 12.00
# Visual Studio Version 16
VisualStudioVersion = 16.0.29709.97
MinimumVisualStudioVersion = 10.0.40219.1
Project("{FAE04EC0-301F-11D3-BF4B-00C04F79EFBC}") = "Deliverable3-Methods", "Deliverable3-Methods.csproj", "{36354B03-415E-486F-AA1A-8A09778A5629}"
EndProject
Global
	GlobalSection(SolutionConfigurationPlatforms) = preSolution
		Debug|Any CPU = Debug|Any CPU
		Release|Any CPU = Release|Any CPU
	EndGlobalSection
	GlobalSection(ProjectConfigurationPlatforms) = postSolution
		{36354B03-415E-486F-AA1A-8A09778A5629}.Debug|Any CPU.ActiveCfg = Debug|Any CPU
		{36354B03-415E-486F-AA1A-8A09778A5629}.Debug|Any CPU.Build.0 = Debug|Any CPU
		{36354B03-415E-486F-AA1A-8A09778A5629}.Release|Any CPU.ActiveCfg = Release|Any CPU
		{36354B03-415E-486F-AA1A-8A09778A5629}.Release|Any CPU.Build.0 = Release|Any CPU
	EndGlobalSection
	GlobalSection(SolutionProperties) = preSolution
		HideSolutionNode = FALSE
	EndGlobalSection
	GlobalSection(ExtensibilityGlobals) = postSolution
		SolutionGuid = {FB2448DA-81C0-49C2-951B-4A3C02785FB3}
	EndGlobalSection
EndGlobal
